
Microsoft Visual Studio Solution File, Format Version 12.00
# Visual Studio Version 17
VisualStudioVersion = 17.3.32825.248
MinimumVisualStudioVersion = 10.0.40219.1
Project("{FAE04EC0-301F-11D3-BF4B-00C04F79EFBC}") = "ImportArchive", "ImportArchive\ImportArchive.csproj", "{8655403E-B140-47D6-B2E7-7AF4113BB5C8}"
EndProject
Global
	GlobalSection(SolutionConfigurationPlatforms) = preSolution
		Debug|Any CPU = Debug|Any CPU
		Release|Any CPU = Release|Any CPU
	EndGlobalSection
	GlobalSection(ProjectConfigurationPlatforms) = postSolution
		{8655403E-B140-47D6-B2E7-7AF4113BB5C8}.Debug|Any CPU.ActiveCfg = Debug|Any CPU
		{8655403E-B140-47D6-B2E7-7AF4113BB5C8}.Debug|Any CPU.Build.0 = Debug|Any CPU
		{8655403E-B140-47D6-B2E7-7AF4113BB5C8}.Release|Any CPU.ActiveCfg = Release|Any CPU
		{8655403E-B140-47D6-B2E7-7AF4113BB5C8}.Release|Any CPU.Build.0 = Release|Any CPU
	EndGlobalSection
	GlobalSection(SolutionProperties) = preSolution
		HideSolutionNode = FALSE
	EndGlobalSection
	GlobalSection(ExtensibilityGlobals) = postSolution
		SolutionGuid = {5B67C984-EB1A-4563-91F8-221D6A14A1BC}
	EndGlobalSection
EndGlobal
